// !$*UTF8*$!
{
	archiveVersion = 1;
	classes = {
	};
	objectVersion = 54;
	objects = {

/* Begin PBXBuildFile section */
		00E356F31AD99517003FC87E /* PokedexTests.m in Sources */ = {isa = PBXBuildFile; fileRef = 00E356F21AD99517003FC87E /* PokedexTests.m */; };
		13B07FBC1A68108700A75B9A /* AppDelegate.m in Sources */ = {isa = PBXBuildFile; fileRef = 13B07FB01A68108700A75B9A /* AppDelegate.m */; };
		13B07FBF1A68108700A75B9A /* Images.xcassets in Resources */ = {isa = PBXBuildFile; fileRef = 13B07FB51A68108700A75B9A /* Images.xcassets */; };
		13B07FC11A68108700A75B9A /* main.m in Sources */ = {isa = PBXBuildFile; fileRef = 13B07FB71A68108700A75B9A /* main.m */; };
		81AB9BB82411601600AC10FF /* LaunchScreen.storyboard in Resources */ = {isa = PBXBuildFile; fileRef = 81AB9BB72411601600AC10FF /* LaunchScreen.storyboard */; };
		3C5E690AC18746DFBC827DC2 /* MontserratAlternates-Black.ttf in Resources */ = {isa = PBXBuildFile; fileRef = 676C3D730DDA4A9BB4A2180B /* MontserratAlternates-Black.ttf */; };
		C91E44685AC54EC3A411B49C /* MontserratAlternates-BlackItalic.ttf in Resources */ = {isa = PBXBuildFile; fileRef = 66CF5D3CE10B4EE094458464 /* MontserratAlternates-BlackItalic.ttf */; };
		3DBAD93DA35B467B81EDC072 /* MontserratAlternates-Bold.ttf in Resources */ = {isa = PBXBuildFile; fileRef = 4584292614E6427F8AF5856E /* MontserratAlternates-Bold.ttf */; };
		F1CE446C12D04552A6936918 /* MontserratAlternates-BoldItalic.ttf in Resources */ = {isa = PBXBuildFile; fileRef = EA7B2B7996644EFAB1822ECA /* MontserratAlternates-BoldItalic.ttf */; };
		EF742979DB2E48508C523B1F /* MontserratAlternates-ExtraBold.ttf in Resources */ = {isa = PBXBuildFile; fileRef = EFBCB62A1906457FAE8942C7 /* MontserratAlternates-ExtraBold.ttf */; };
		829970D965AC405599BF5DD6 /* MontserratAlternates-ExtraBoldItalic.ttf in Resources */ = {isa = PBXBuildFile; fileRef = F742DB6D74C1493291FA231F /* MontserratAlternates-ExtraBoldItalic.ttf */; };
		10B07F5A159B4E08B4CD4816 /* MontserratAlternates-ExtraLight.ttf in Resources */ = {isa = PBXBuildFile; fileRef = 4E1673D1C6A14484849726B9 /* MontserratAlternates-ExtraLight.ttf */; };
		74E8277AC9C847B6B189D65C /* MontserratAlternates-ExtraLightItalic.ttf in Resources */ = {isa = PBXBuildFile; fileRef = A00103B9D6F64593A0FBF8B3 /* MontserratAlternates-ExtraLightItalic.ttf */; };
		2F75A960460A459E93B4C1FD /* MontserratAlternates-Italic.ttf in Resources */ = {isa = PBXBuildFile; fileRef = 3747430172C94D188D628893 /* MontserratAlternates-Italic.ttf */; };
		C43974DA196B4C10BFA69997 /* MontserratAlternates-Light.ttf in Resources */ = {isa = PBXBuildFile; fileRef = 70F4E65674CD413097EB5A41 /* MontserratAlternates-Light.ttf */; };
		74902FCFEC7640D79875DC35 /* MontserratAlternates-LightItalic.ttf in Resources */ = {isa = PBXBuildFile; fileRef = 64EE313A012B4A938F724E69 /* MontserratAlternates-LightItalic.ttf */; };
		5B75A79BB0B342DBA90C60C1 /* MontserratAlternates-Medium.ttf in Resources */ = {isa = PBXBuildFile; fileRef = 01AF3801AFD948FF87B1A22F /* MontserratAlternates-Medium.ttf */; };
		2CD6BA57020B48DD9DFD446D /* MontserratAlternates-MediumItalic.ttf in Resources */ = {isa = PBXBuildFile; fileRef = C9B9B422B9084F8D832202E8 /* MontserratAlternates-MediumItalic.ttf */; };
		6988721D4ACA4F2CBFE4EDA2 /* MontserratAlternates-Regular.ttf in Resources */ = {isa = PBXBuildFile; fileRef = CFA261CB33DC48E6B3CF9B67 /* MontserratAlternates-Regular.ttf */; };
		A38E88A8DC6B41AD9B8F57A1 /* MontserratAlternates-SemiBold.ttf in Resources */ = {isa = PBXBuildFile; fileRef = 27C1C4FFBF174C099BD32CBE /* MontserratAlternates-SemiBold.ttf */; };
		2BB8A4CFDB984468A710FF1A /* MontserratAlternates-SemiBoldItalic.ttf in Resources */ = {isa = PBXBuildFile; fileRef = 9226D054EFA04A07B9920D37 /* MontserratAlternates-SemiBoldItalic.ttf */; };
		25467C297F5B43C2BC4891C8 /* MontserratAlternates-Thin.ttf in Resources */ = {isa = PBXBuildFile; fileRef = DEA7F23E946E424795800C3C /* MontserratAlternates-Thin.ttf */; };
		0DEAACDD33E14810BD420DDD /* MontserratAlternates-ThinItalic.ttf in Resources */ = {isa = PBXBuildFile; fileRef = FCF7E3C6BFB042C9B5C533D1 /* MontserratAlternates-ThinItalic.ttf */; };
		DFB2DAC3AF384EB0BFA9FE71 /* AntDesign.ttf in Resources */ = {isa = PBXBuildFile; fileRef = 900399EBD6004470B1416A63 /* AntDesign.ttf */; };
		938A4017B5E5438B8F1C9DAC /* Entypo.ttf in Resources */ = {isa = PBXBuildFile; fileRef = 4FEAEC4758DD4210932125B9 /* Entypo.ttf */; };
		27BA45806D3847E9B1A545D8 /* EvilIcons.ttf in Resources */ = {isa = PBXBuildFile; fileRef = 8E382897D0A447E8BC5643DB /* EvilIcons.ttf */; };
		10D9569D1C714C2CA50E55F7 /* Feather.ttf in Resources */ = {isa = PBXBuildFile; fileRef = 3D02D8B1E5CC4089B1CC159A /* Feather.ttf */; };
		A7C5B46A2D2A42FAB4B6531B /* FontAwesome.ttf in Resources */ = {isa = PBXBuildFile; fileRef = 5380D0E1BFD44A549228666A /* FontAwesome.ttf */; };
		5039D0B3D17E4AA1AF515E9B /* FontAwesome5_Brands.ttf in Resources */ = {isa = PBXBuildFile; fileRef = B10FA42EF7A54ACEBB5C42F8 /* FontAwesome5_Brands.ttf */; };
		09A814D3E7C44979B9DB4501 /* FontAwesome5_Regular.ttf in Resources */ = {isa = PBXBuildFile; fileRef = B288387895F94567917A8912 /* FontAwesome5_Regular.ttf */; };
		3C0E9226A0D44B168193D9EE /* FontAwesome5_Solid.ttf in Resources */ = {isa = PBXBuildFile; fileRef = 1E59648AF2454714869CE137 /* FontAwesome5_Solid.ttf */; };
		A630EF68D759462E8560B0BF /* Fontisto.ttf in Resources */ = {isa = PBXBuildFile; fileRef = 5DB9FD3F592F4431AB4B5C49 /* Fontisto.ttf */; };
		20354F5F007D4ABA8D03DFFC /* Foundation.ttf in Resources */ = {isa = PBXBuildFile; fileRef = 26273E7A281D4089AE8324F3 /* Foundation.ttf */; };
		143BF6A90586484BA5AADB2C /* Ionicons.ttf in Resources */ = {isa = PBXBuildFile; fileRef = 6526FC2E7E9944619FC66B74 /* Ionicons.ttf */; };
		8079B0B4821540EE9463C42F /* MaterialCommunityIcons.ttf in Resources */ = {isa = PBXBuildFile; fileRef = AC41018FDAE8433A8D1F27A4 /* MaterialCommunityIcons.ttf */; };
		4879255F68414CEAA560A9C4 /* MaterialIcons.ttf in Resources */ = {isa = PBXBuildFile; fileRef = 9B53A6DCC0554C66B61BE7D7 /* MaterialIcons.ttf */; };
		315E4143693E401DB2AAEAC9 /* Octicons.ttf in Resources */ = {isa = PBXBuildFile; fileRef = 00060BF83F60431BA1B6F593 /* Octicons.ttf */; };
		0E6FAC3392004DA184A655AC /* SimpleLineIcons.ttf in Resources */ = {isa = PBXBuildFile; fileRef = F25D98D625014AEE9DFED07E /* SimpleLineIcons.ttf */; };
		6893F49B027E46D793A0A5F7 /* Zocial.ttf in Resources */ = {isa = PBXBuildFile; fileRef = B8FEC8EDF482407F94EE3BD9 /* Zocial.ttf */; };
/* End PBXBuildFile section */

/* Begin PBXContainerItemProxy section */
		00E356F41AD99517003FC87E /* PBXContainerItemProxy */ = {
			isa = PBXContainerItemProxy;
			containerPortal = 83CBB9F71A601CBA00E9B192 /* Project object */;
			proxyType = 1;
			remoteGlobalIDString = 13B07F861A680F5B00A75B9A;
			remoteInfo = Pokedex;
		};
/* End PBXContainerItemProxy section */

/* Begin PBXFileReference section */
		00E356EE1AD99517003FC87E /* PokedexTests.xctest */ = {isa = PBXFileReference; explicitFileType = wrapper.cfbundle; includeInIndex = 0; path = PokedexTests.xctest; sourceTree = BUILT_PRODUCTS_DIR; };
		00E356F11AD99517003FC87E /* Info.plist */ = {isa = PBXFileReference; lastKnownFileType = text.plist.xml; path = Info.plist; sourceTree = "<group>"; };
		00E356F21AD99517003FC87E /* PokedexTests.m */ = {isa = PBXFileReference; lastKnownFileType = sourcecode.c.objc; path = PokedexTests.m; sourceTree = "<group>"; };
		13B07F961A680F5B00A75B9A /* Pokedex.app */ = {isa = PBXFileReference; explicitFileType = wrapper.application; includeInIndex = 0; path = Pokedex.app; sourceTree = BUILT_PRODUCTS_DIR; };
		13B07FAF1A68108700A75B9A /* AppDelegate.h */ = {isa = PBXFileReference; fileEncoding = 4; lastKnownFileType = sourcecode.c.h; name = AppDelegate.h; path = Pokedex/AppDelegate.h; sourceTree = "<group>"; };
		13B07FB01A68108700A75B9A /* AppDelegate.m */ = {isa = PBXFileReference; fileEncoding = 4; lastKnownFileType = sourcecode.c.objc; name = AppDelegate.m; path = Pokedex/AppDelegate.m; sourceTree = "<group>"; };
		13B07FB51A68108700A75B9A /* Images.xcassets */ = {isa = PBXFileReference; lastKnownFileType = folder.assetcatalog; name = Images.xcassets; path = Pokedex/Images.xcassets; sourceTree = "<group>"; };
		13B07FB61A68108700A75B9A /* Info.plist */ = {isa = PBXFileReference; fileEncoding = 4; lastKnownFileType = text.plist.xml; name = Info.plist; path = Pokedex/Info.plist; sourceTree = "<group>"; };
		13B07FB71A68108700A75B9A /* main.m */ = {isa = PBXFileReference; fileEncoding = 4; lastKnownFileType = sourcecode.c.objc; name = main.m; path = Pokedex/main.m; sourceTree = "<group>"; };
		81AB9BB72411601600AC10FF /* LaunchScreen.storyboard */ = {isa = PBXFileReference; fileEncoding = 4; lastKnownFileType = file.storyboard; name = LaunchScreen.storyboard; path = Pokedex/LaunchScreen.storyboard; sourceTree = "<group>"; };
		ED297162215061F000B7C4FE /* JavaScriptCore.framework */ = {isa = PBXFileReference; lastKnownFileType = wrapper.framework; name = JavaScriptCore.framework; path = System/Library/Frameworks/JavaScriptCore.framework; sourceTree = SDKROOT; };
		676C3D730DDA4A9BB4A2180B /* MontserratAlternates-Black.ttf */ = {isa = PBXFileReference; name = "MontserratAlternates-Black.ttf"; path = "../assets/fonts/MontserratAlternates-Black.ttf"; sourceTree = "<group>"; fileEncoding = undefined; lastKnownFileType = unknown; explicitFileType = undefined; includeInIndex = 0; };
		66CF5D3CE10B4EE094458464 /* MontserratAlternates-BlackItalic.ttf */ = {isa = PBXFileReference; name = "MontserratAlternates-BlackItalic.ttf"; path = "../assets/fonts/MontserratAlternates-BlackItalic.ttf"; sourceTree = "<group>"; fileEncoding = undefined; lastKnownFileType = unknown; explicitFileType = undefined; includeInIndex = 0; };
		4584292614E6427F8AF5856E /* MontserratAlternates-Bold.ttf */ = {isa = PBXFileReference; name = "MontserratAlternates-Bold.ttf"; path = "../assets/fonts/MontserratAlternates-Bold.ttf"; sourceTree = "<group>"; fileEncoding = undefined; lastKnownFileType = unknown; explicitFileType = undefined; includeInIndex = 0; };
		EA7B2B7996644EFAB1822ECA /* MontserratAlternates-BoldItalic.ttf */ = {isa = PBXFileReference; name = "MontserratAlternates-BoldItalic.ttf"; path = "../assets/fonts/MontserratAlternates-BoldItalic.ttf"; sourceTree = "<group>"; fileEncoding = undefined; lastKnownFileType = unknown; explicitFileType = undefined; includeInIndex = 0; };
		EFBCB62A1906457FAE8942C7 /* MontserratAlternates-ExtraBold.ttf */ = {isa = PBXFileReference; name = "MontserratAlternates-ExtraBold.ttf"; path = "../assets/fonts/MontserratAlternates-ExtraBold.ttf"; sourceTree = "<group>"; fileEncoding = undefined; lastKnownFileType = unknown; explicitFileType = undefined; includeInIndex = 0; };
		F742DB6D74C1493291FA231F /* MontserratAlternates-ExtraBoldItalic.ttf */ = {isa = PBXFileReference; name = "MontserratAlternates-ExtraBoldItalic.ttf"; path = "../assets/fonts/MontserratAlternates-ExtraBoldItalic.ttf"; sourceTree = "<group>"; fileEncoding = undefined; lastKnownFileType = unknown; explicitFileType = undefined; includeInIndex = 0; };
		4E1673D1C6A14484849726B9 /* MontserratAlternates-ExtraLight.ttf */ = {isa = PBXFileReference; name = "MontserratAlternates-ExtraLight.ttf"; path = "../assets/fonts/MontserratAlternates-ExtraLight.ttf"; sourceTree = "<group>"; fileEncoding = undefined; lastKnownFileType = unknown; explicitFileType = undefined; includeInIndex = 0; };
		A00103B9D6F64593A0FBF8B3 /* MontserratAlternates-ExtraLightItalic.ttf */ = {isa = PBXFileReference; name = "MontserratAlternates-ExtraLightItalic.ttf"; path = "../assets/fonts/MontserratAlternates-ExtraLightItalic.ttf"; sourceTree = "<group>"; fileEncoding = undefined; lastKnownFileType = unknown; explicitFileType = undefined; includeInIndex = 0; };
		3747430172C94D188D628893 /* MontserratAlternates-Italic.ttf */ = {isa = PBXFileReference; name = "MontserratAlternates-Italic.ttf"; path = "../assets/fonts/MontserratAlternates-Italic.ttf"; sourceTree = "<group>"; fileEncoding = undefined; lastKnownFileType = unknown; explicitFileType = undefined; includeInIndex = 0; };
		70F4E65674CD413097EB5A41 /* MontserratAlternates-Light.ttf */ = {isa = PBXFileReference; name = "MontserratAlternates-Light.ttf"; path = "../assets/fonts/MontserratAlternates-Light.ttf"; sourceTree = "<group>"; fileEncoding = undefined; lastKnownFileType = unknown; explicitFileType = undefined; includeInIndex = 0; };
		64EE313A012B4A938F724E69 /* MontserratAlternates-LightItalic.ttf */ = {isa = PBXFileReference; name = "MontserratAlternates-LightItalic.ttf"; path = "../assets/fonts/MontserratAlternates-LightItalic.ttf"; sourceTree = "<group>"; fileEncoding = undefined; lastKnownFileType = unknown; explicitFileType = undefined; includeInIndex = 0; };
		01AF3801AFD948FF87B1A22F /* MontserratAlternates-Medium.ttf */ = {isa = PBXFileReference; name = "MontserratAlternates-Medium.ttf"; path = "../assets/fonts/MontserratAlternates-Medium.ttf"; sourceTree = "<group>"; fileEncoding = undefined; lastKnownFileType = unknown; explicitFileType = undefined; includeInIndex = 0; };
		C9B9B422B9084F8D832202E8 /* MontserratAlternates-MediumItalic.ttf */ = {isa = PBXFileReference; name = "MontserratAlternates-MediumItalic.ttf"; path = "../assets/fonts/MontserratAlternates-MediumItalic.ttf"; sourceTree = "<group>"; fileEncoding = undefined; lastKnownFileType = unknown; explicitFileType = undefined; includeInIndex = 0; };
		CFA261CB33DC48E6B3CF9B67 /* MontserratAlternates-Regular.ttf */ = {isa = PBXFileReference; name = "MontserratAlternates-Regular.ttf"; path = "../assets/fonts/MontserratAlternates-Regular.ttf"; sourceTree = "<group>"; fileEncoding = undefined; lastKnownFileType = unknown; explicitFileType = undefined; includeInIndex = 0; };
		27C1C4FFBF174C099BD32CBE /* MontserratAlternates-SemiBold.ttf */ = {isa = PBXFileReference; name = "MontserratAlternates-SemiBold.ttf"; path = "../assets/fonts/MontserratAlternates-SemiBold.ttf"; sourceTree = "<group>"; fileEncoding = undefined; lastKnownFileType = unknown; explicitFileType = undefined; includeInIndex = 0; };
		9226D054EFA04A07B9920D37 /* MontserratAlternates-SemiBoldItalic.ttf */ = {isa = PBXFileReference; name = "MontserratAlternates-SemiBoldItalic.ttf"; path = "../assets/fonts/MontserratAlternates-SemiBoldItalic.ttf"; sourceTree = "<group>"; fileEncoding = undefined; lastKnownFileType = unknown; explicitFileType = undefined; includeInIndex = 0; };
		DEA7F23E946E424795800C3C /* MontserratAlternates-Thin.ttf */ = {isa = PBXFileReference; name = "MontserratAlternates-Thin.ttf"; path = "../assets/fonts/MontserratAlternates-Thin.ttf"; sourceTree = "<group>"; fileEncoding = undefined; lastKnownFileType = unknown; explicitFileType = undefined; includeInIndex = 0; };
		FCF7E3C6BFB042C9B5C533D1 /* MontserratAlternates-ThinItalic.ttf */ = {isa = PBXFileReference; name = "MontserratAlternates-ThinItalic.ttf"; path = "../assets/fonts/MontserratAlternates-ThinItalic.ttf"; sourceTree = "<group>"; fileEncoding = undefined; lastKnownFileType = unknown; explicitFileType = undefined; includeInIndex = 0; };
		900399EBD6004470B1416A63 /* AntDesign.ttf */ = {isa = PBXFileReference; name = "AntDesign.ttf"; path = "../node_modules/react-native-vector-icons/Fonts/AntDesign.ttf"; sourceTree = "<group>"; fileEncoding = undefined; lastKnownFileType = unknown; explicitFileType = undefined; includeInIndex = 0; };
		4FEAEC4758DD4210932125B9 /* Entypo.ttf */ = {isa = PBXFileReference; name = "Entypo.ttf"; path = "../node_modules/react-native-vector-icons/Fonts/Entypo.ttf"; sourceTree = "<group>"; fileEncoding = undefined; lastKnownFileType = unknown; explicitFileType = undefined; includeInIndex = 0; };
		8E382897D0A447E8BC5643DB /* EvilIcons.ttf */ = {isa = PBXFileReference; name = "EvilIcons.ttf"; path = "../node_modules/react-native-vector-icons/Fonts/EvilIcons.ttf"; sourceTree = "<group>"; fileEncoding = undefined; lastKnownFileType = unknown; explicitFileType = undefined; includeInIndex = 0; };
		3D02D8B1E5CC4089B1CC159A /* Feather.ttf */ = {isa = PBXFileReference; name = "Feather.ttf"; path = "../node_modules/react-native-vector-icons/Fonts/Feather.ttf"; sourceTree = "<group>"; fileEncoding = undefined; lastKnownFileType = unknown; explicitFileType = undefined; includeInIndex = 0; };
		5380D0E1BFD44A549228666A /* FontAwesome.ttf */ = {isa = PBXFileReference; name = "FontAwesome.ttf"; path = "../node_modules/react-native-vector-icons/Fonts/FontAwesome.ttf"; sourceTree = "<group>"; fileEncoding = undefined; lastKnownFileType = unknown; explicitFileType = undefined; includeInIndex = 0; };
		B10FA42EF7A54ACEBB5C42F8 /* FontAwesome5_Brands.ttf */ = {isa = PBXFileReference; name = "FontAwesome5_Brands.ttf"; path = "../node_modules/react-native-vector-icons/Fonts/FontAwesome5_Brands.ttf"; sourceTree = "<group>"; fileEncoding = undefined; lastKnownFileType = unknown; explicitFileType = undefined; includeInIndex = 0; };
		B288387895F94567917A8912 /* FontAwesome5_Regular.ttf */ = {isa = PBXFileReference; name = "FontAwesome5_Regular.ttf"; path = "../node_modules/react-native-vector-icons/Fonts/FontAwesome5_Regular.ttf"; sourceTree = "<group>"; fileEncoding = undefined; lastKnownFileType = unknown; explicitFileType = undefined; includeInIndex = 0; };
		1E59648AF2454714869CE137 /* FontAwesome5_Solid.ttf */ = {isa = PBXFileReference; name = "FontAwesome5_Solid.ttf"; path = "../node_modules/react-native-vector-icons/Fonts/FontAwesome5_Solid.ttf"; sourceTree = "<group>"; fileEncoding = undefined; lastKnownFileType = unknown; explicitFileType = undefined; includeInIndex = 0; };
		5DB9FD3F592F4431AB4B5C49 /* Fontisto.ttf */ = {isa = PBXFileReference; name = "Fontisto.ttf"; path = "../node_modules/react-native-vector-icons/Fonts/Fontisto.ttf"; sourceTree = "<group>"; fileEncoding = undefined; lastKnownFileType = unknown; explicitFileType = undefined; includeInIndex = 0; };
		26273E7A281D4089AE8324F3 /* Foundation.ttf */ = {isa = PBXFileReference; name = "Foundation.ttf"; path = "../node_modules/react-native-vector-icons/Fonts/Foundation.ttf"; sourceTree = "<group>"; fileEncoding = undefined; lastKnownFileType = unknown; explicitFileType = undefined; includeInIndex = 0; };
		6526FC2E7E9944619FC66B74 /* Ionicons.ttf */ = {isa = PBXFileReference; name = "Ionicons.ttf"; path = "../node_modules/react-native-vector-icons/Fonts/Ionicons.ttf"; sourceTree = "<group>"; fileEncoding = undefined; lastKnownFileType = unknown; explicitFileType = undefined; includeInIndex = 0; };
		AC41018FDAE8433A8D1F27A4 /* MaterialCommunityIcons.ttf */ = {isa = PBXFileReference; name = "MaterialCommunityIcons.ttf"; path = "../node_modules/react-native-vector-icons/Fonts/MaterialCommunityIcons.ttf"; sourceTree = "<group>"; fileEncoding = undefined; lastKnownFileType = unknown; explicitFileType = undefined; includeInIndex = 0; };
		9B53A6DCC0554C66B61BE7D7 /* MaterialIcons.ttf */ = {isa = PBXFileReference; name = "MaterialIcons.ttf"; path = "../node_modules/react-native-vector-icons/Fonts/MaterialIcons.ttf"; sourceTree = "<group>"; fileEncoding = undefined; lastKnownFileType = unknown; explicitFileType = undefined; includeInIndex = 0; };
		00060BF83F60431BA1B6F593 /* Octicons.ttf */ = {isa = PBXFileReference; name = "Octicons.ttf"; path = "../node_modules/react-native-vector-icons/Fonts/Octicons.ttf"; sourceTree = "<group>"; fileEncoding = undefined; lastKnownFileType = unknown; explicitFileType = undefined; includeInIndex = 0; };
		F25D98D625014AEE9DFED07E /* SimpleLineIcons.ttf */ = {isa = PBXFileReference; name = "SimpleLineIcons.ttf"; path = "../node_modules/react-native-vector-icons/Fonts/SimpleLineIcons.ttf"; sourceTree = "<group>"; fileEncoding = undefined; lastKnownFileType = unknown; explicitFileType = undefined; includeInIndex = 0; };
		B8FEC8EDF482407F94EE3BD9 /* Zocial.ttf */ = {isa = PBXFileReference; name = "Zocial.ttf"; path = "../node_modules/react-native-vector-icons/Fonts/Zocial.ttf"; sourceTree = "<group>"; fileEncoding = undefined; lastKnownFileType = unknown; explicitFileType = undefined; includeInIndex = 0; };
/* End PBXFileReference section */

/* Begin PBXFrameworksBuildPhase section */
		00E356EB1AD99517003FC87E /* Frameworks */ = {
			isa = PBXFrameworksBuildPhase;
			buildActionMask = 2147483647;
			files = (
			);
			runOnlyForDeploymentPostprocessing = 0;
		};
		13B07F8C1A680F5B00A75B9A /* Frameworks */ = {
			isa = PBXFrameworksBuildPhase;
			buildActionMask = 2147483647;
			files = (
			);
			runOnlyForDeploymentPostprocessing = 0;
		};
/* End PBXFrameworksBuildPhase section */

/* Begin PBXGroup section */
		00E356EF1AD99517003FC87E /* PokedexTests */ = {
			isa = PBXGroup;
			children = (
				00E356F21AD99517003FC87E /* PokedexTests.m */,
				00E356F01AD99517003FC87E /* Supporting Files */,
			);
			path = PokedexTests;
			sourceTree = "<group>";
		};
		00E356F01AD99517003FC87E /* Supporting Files */ = {
			isa = PBXGroup;
			children = (
				00E356F11AD99517003FC87E /* Info.plist */,
			);
			name = "Supporting Files";
			sourceTree = "<group>";
		};
		13B07FAE1A68108700A75B9A /* Pokedex */ = {
			isa = PBXGroup;
			children = (
				13B07FAF1A68108700A75B9A /* AppDelegate.h */,
				13B07FB01A68108700A75B9A /* AppDelegate.m */,
				13B07FB51A68108700A75B9A /* Images.xcassets */,
				13B07FB61A68108700A75B9A /* Info.plist */,
				81AB9BB72411601600AC10FF /* LaunchScreen.storyboard */,
				13B07FB71A68108700A75B9A /* main.m */,
			);
			name = Pokedex;
			sourceTree = "<group>";
		};
		2D16E6871FA4F8E400B85C8A /* Frameworks */ = {
			isa = PBXGroup;
			children = (
				ED297162215061F000B7C4FE /* JavaScriptCore.framework */,
			);
			name = Frameworks;
			sourceTree = "<group>";
		};
		832341AE1AAA6A7D00B99B32 /* Libraries */ = {
			isa = PBXGroup;
			children = (
			);
			name = Libraries;
			sourceTree = "<group>";
		};
		83CBB9F61A601CBA00E9B192 = {
			isa = PBXGroup;
			children = (
				13B07FAE1A68108700A75B9A /* Pokedex */,
				832341AE1AAA6A7D00B99B32 /* Libraries */,
				00E356EF1AD99517003FC87E /* PokedexTests */,
				83CBBA001A601CBA00E9B192 /* Products */,
				2D16E6871FA4F8E400B85C8A /* Frameworks */,
				A332138EA292443BAA14FB5F /* Resources */,
			);
			indentWidth = 2;
			sourceTree = "<group>";
			tabWidth = 2;
			usesTabs = 0;
		};
		83CBBA001A601CBA00E9B192 /* Products */ = {
			isa = PBXGroup;
			children = (
				13B07F961A680F5B00A75B9A /* Pokedex.app */,
				00E356EE1AD99517003FC87E /* PokedexTests.xctest */,
			);
			name = Products;
			sourceTree = "<group>";
		};
		A332138EA292443BAA14FB5F /* Resources */ = {
			isa = "PBXGroup";
			children = (
				676C3D730DDA4A9BB4A2180B /* MontserratAlternates-Black.ttf */,
				66CF5D3CE10B4EE094458464 /* MontserratAlternates-BlackItalic.ttf */,
				4584292614E6427F8AF5856E /* MontserratAlternates-Bold.ttf */,
				EA7B2B7996644EFAB1822ECA /* MontserratAlternates-BoldItalic.ttf */,
				EFBCB62A1906457FAE8942C7 /* MontserratAlternates-ExtraBold.ttf */,
				F742DB6D74C1493291FA231F /* MontserratAlternates-ExtraBoldItalic.ttf */,
				4E1673D1C6A14484849726B9 /* MontserratAlternates-ExtraLight.ttf */,
				A00103B9D6F64593A0FBF8B3 /* MontserratAlternates-ExtraLightItalic.ttf */,
				3747430172C94D188D628893 /* MontserratAlternates-Italic.ttf */,
				70F4E65674CD413097EB5A41 /* MontserratAlternates-Light.ttf */,
				64EE313A012B4A938F724E69 /* MontserratAlternates-LightItalic.ttf */,
				01AF3801AFD948FF87B1A22F /* MontserratAlternates-Medium.ttf */,
				C9B9B422B9084F8D832202E8 /* MontserratAlternates-MediumItalic.ttf */,
				CFA261CB33DC48E6B3CF9B67 /* MontserratAlternates-Regular.ttf */,
				27C1C4FFBF174C099BD32CBE /* MontserratAlternates-SemiBold.ttf */,
				9226D054EFA04A07B9920D37 /* MontserratAlternates-SemiBoldItalic.ttf */,
				DEA7F23E946E424795800C3C /* MontserratAlternates-Thin.ttf */,
				FCF7E3C6BFB042C9B5C533D1 /* MontserratAlternates-ThinItalic.ttf */,
				900399EBD6004470B1416A63 /* AntDesign.ttf */,
				4FEAEC4758DD4210932125B9 /* Entypo.ttf */,
				8E382897D0A447E8BC5643DB /* EvilIcons.ttf */,
				3D02D8B1E5CC4089B1CC159A /* Feather.ttf */,
				5380D0E1BFD44A549228666A /* FontAwesome.ttf */,
				B10FA42EF7A54ACEBB5C42F8 /* FontAwesome5_Brands.ttf */,
				B288387895F94567917A8912 /* FontAwesome5_Regular.ttf */,
				1E59648AF2454714869CE137 /* FontAwesome5_Solid.ttf */,
				5DB9FD3F592F4431AB4B5C49 /* Fontisto.ttf */,
				26273E7A281D4089AE8324F3 /* Foundation.ttf */,
				6526FC2E7E9944619FC66B74 /* Ionicons.ttf */,
				AC41018FDAE8433A8D1F27A4 /* MaterialCommunityIcons.ttf */,
				9B53A6DCC0554C66B61BE7D7 /* MaterialIcons.ttf */,
				00060BF83F60431BA1B6F593 /* Octicons.ttf */,
				F25D98D625014AEE9DFED07E /* SimpleLineIcons.ttf */,
				B8FEC8EDF482407F94EE3BD9 /* Zocial.ttf */,
			);
			name = Resources;
			sourceTree = "<group>";
			path = "";
		};
/* End PBXGroup section */

/* Begin PBXNativeTarget section */
		00E356ED1AD99517003FC87E /* PokedexTests */ = {
			isa = PBXNativeTarget;
			buildConfigurationList = 00E357021AD99517003FC87E /* Build configuration list for PBXNativeTarget "PokedexTests" */;
			buildPhases = (
				00E356EA1AD99517003FC87E /* Sources */,
				00E356EB1AD99517003FC87E /* Frameworks */,
				00E356EC1AD99517003FC87E /* Resources */,
			);
			buildRules = (
			);
			dependencies = (
				00E356F51AD99517003FC87E /* PBXTargetDependency */,
			);
			name = PokedexTests;
			productName = PokedexTests;
			productReference = 00E356EE1AD99517003FC87E /* PokedexTests.xctest */;
			productType = "com.apple.product-type.bundle.unit-test";
		};
		13B07F861A680F5B00A75B9A /* Pokedex */ = {
			isa = PBXNativeTarget;
			buildConfigurationList = 13B07F931A680F5B00A75B9A /* Build configuration list for PBXNativeTarget "Pokedex" */;
			buildPhases = (
				FD10A7F022414F080027D42C /* Start Packager */,
				13B07F871A680F5B00A75B9A /* Sources */,
				13B07F8C1A680F5B00A75B9A /* Frameworks */,
				13B07F8E1A680F5B00A75B9A /* Resources */,
				00DD1BFF1BD5951E006B06BC /* Bundle React Native code and images */,
			);
			buildRules = (
			);
			dependencies = (
			);
			name = Pokedex;
			productName = Pokedex;
			productReference = 13B07F961A680F5B00A75B9A /* Pokedex.app */;
			productType = "com.apple.product-type.application";
		};
/* End PBXNativeTarget section */

/* Begin PBXProject section */
		83CBB9F71A601CBA00E9B192 /* Project object */ = {
			isa = PBXProject;
			attributes = {
				LastUpgradeCheck = 1210;
				TargetAttributes = {
					00E356ED1AD99517003FC87E = {
						CreatedOnToolsVersion = 6.2;
						TestTargetID = 13B07F861A680F5B00A75B9A;
					};
					13B07F861A680F5B00A75B9A = {
						LastSwiftMigration = 1120;
					};
				};
			};
			buildConfigurationList = 83CBB9FA1A601CBA00E9B192 /* Build configuration list for PBXProject "Pokedex" */;
			compatibilityVersion = "Xcode 12.0";
			developmentRegion = en;
			hasScannedForEncodings = 0;
			knownRegions = (
				en,
				Base,
			);
			mainGroup = 83CBB9F61A601CBA00E9B192;
			productRefGroup = 83CBBA001A601CBA00E9B192 /* Products */;
			projectDirPath = "";
			projectRoot = "";
			targets = (
				13B07F861A680F5B00A75B9A /* Pokedex */,
				00E356ED1AD99517003FC87E /* PokedexTests */,
			);
		};
/* End PBXProject section */

/* Begin PBXResourcesBuildPhase section */
		00E356EC1AD99517003FC87E /* Resources */ = {
			isa = PBXResourcesBuildPhase;
			buildActionMask = 2147483647;
			files = (
			);
			runOnlyForDeploymentPostprocessing = 0;
		};
		13B07F8E1A680F5B00A75B9A /* Resources */ = {
			isa = PBXResourcesBuildPhase;
			buildActionMask = 2147483647;
			files = (
				81AB9BB82411601600AC10FF /* LaunchScreen.storyboard in Resources */,
				13B07FBF1A68108700A75B9A /* Images.xcassets in Resources */,
				3C5E690AC18746DFBC827DC2 /* MontserratAlternates-Black.ttf in Resources */,
				C91E44685AC54EC3A411B49C /* MontserratAlternates-BlackItalic.ttf in Resources */,
				3DBAD93DA35B467B81EDC072 /* MontserratAlternates-Bold.ttf in Resources */,
				F1CE446C12D04552A6936918 /* MontserratAlternates-BoldItalic.ttf in Resources */,
				EF742979DB2E48508C523B1F /* MontserratAlternates-ExtraBold.ttf in Resources */,
				829970D965AC405599BF5DD6 /* MontserratAlternates-ExtraBoldItalic.ttf in Resources */,
				10B07F5A159B4E08B4CD4816 /* MontserratAlternates-ExtraLight.ttf in Resources */,
				74E8277AC9C847B6B189D65C /* MontserratAlternates-ExtraLightItalic.ttf in Resources */,
				2F75A960460A459E93B4C1FD /* MontserratAlternates-Italic.ttf in Resources */,
				C43974DA196B4C10BFA69997 /* MontserratAlternates-Light.ttf in Resources */,
				74902FCFEC7640D79875DC35 /* MontserratAlternates-LightItalic.ttf in Resources */,
				5B75A79BB0B342DBA90C60C1 /* MontserratAlternates-Medium.ttf in Resources */,
				2CD6BA57020B48DD9DFD446D /* MontserratAlternates-MediumItalic.ttf in Resources */,
				6988721D4ACA4F2CBFE4EDA2 /* MontserratAlternates-Regular.ttf in Resources */,
				A38E88A8DC6B41AD9B8F57A1 /* MontserratAlternates-SemiBold.ttf in Resources */,
				2BB8A4CFDB984468A710FF1A /* MontserratAlternates-SemiBoldItalic.ttf in Resources */,
				25467C297F5B43C2BC4891C8 /* MontserratAlternates-Thin.ttf in Resources */,
				0DEAACDD33E14810BD420DDD /* MontserratAlternates-ThinItalic.ttf in Resources */,
				DFB2DAC3AF384EB0BFA9FE71 /* AntDesign.ttf in Resources */,
				938A4017B5E5438B8F1C9DAC /* Entypo.ttf in Resources */,
				27BA45806D3847E9B1A545D8 /* EvilIcons.ttf in Resources */,
				10D9569D1C714C2CA50E55F7 /* Feather.ttf in Resources */,
				A7C5B46A2D2A42FAB4B6531B /* FontAwesome.ttf in Resources */,
				5039D0B3D17E4AA1AF515E9B /* FontAwesome5_Brands.ttf in Resources */,
				09A814D3E7C44979B9DB4501 /* FontAwesome5_Regular.ttf in Resources */,
				3C0E9226A0D44B168193D9EE /* FontAwesome5_Solid.ttf in Resources */,
				A630EF68D759462E8560B0BF /* Fontisto.ttf in Resources */,
				20354F5F007D4ABA8D03DFFC /* Foundation.ttf in Resources */,
				143BF6A90586484BA5AADB2C /* Ionicons.ttf in Resources */,
				8079B0B4821540EE9463C42F /* MaterialCommunityIcons.ttf in Resources */,
				4879255F68414CEAA560A9C4 /* MaterialIcons.ttf in Resources */,
				315E4143693E401DB2AAEAC9 /* Octicons.ttf in Resources */,
				0E6FAC3392004DA184A655AC /* SimpleLineIcons.ttf in Resources */,
				6893F49B027E46D793A0A5F7 /* Zocial.ttf in Resources */,
			);
			runOnlyForDeploymentPostprocessing = 0;
		};
/* End PBXResourcesBuildPhase section */

/* Begin PBXShellScriptBuildPhase section */
		00DD1BFF1BD5951E006B06BC /* Bundle React Native code and images */ = {
			isa = PBXShellScriptBuildPhase;
			buildActionMask = 2147483647;
			files = (
			);
			inputPaths = (
			);
			name = "Bundle React Native code and images";
			outputPaths = (
			);
			runOnlyForDeploymentPostprocessing = 0;
			shellPath = /bin/sh;
			shellScript = "set -e\n\nexport NODE_BINARY=node\n../node_modules/react-native/scripts/react-native-xcode.sh\n";
		};
		FD10A7F022414F080027D42C /* Start Packager */ = {
			isa = PBXShellScriptBuildPhase;
			buildActionMask = 2147483647;
			files = (
			);
			inputFileListPaths = (
			);
			inputPaths = (
			);
			name = "Start Packager";
			outputFileListPaths = (
			);
			outputPaths = (
			);
			runOnlyForDeploymentPostprocessing = 0;
			shellPath = /bin/sh;
			shellScript = "export RCT_METRO_PORT=\"${RCT_METRO_PORT:=8081}\"\necho \"export RCT_METRO_PORT=${RCT_METRO_PORT}\" > \"${SRCROOT}/../node_modules/react-native/scripts/.packager.env\"\nif [ -z \"${RCT_NO_LAUNCH_PACKAGER+xxx}\" ] ; then\n  if nc -w 5 -z localhost ${RCT_METRO_PORT} ; then\n    if ! curl -s \"http://localhost:${RCT_METRO_PORT}/status\" | grep -q \"packager-status:running\" ; then\n      echo \"Port ${RCT_METRO_PORT} already in use, packager is either not running or not running correctly\"\n      exit 2\n    fi\n  else\n    open \"$SRCROOT/../node_modules/react-native/scripts/launchPackager.command\" || echo \"Can't start packager automatically\"\n  fi\nfi\n";
			showEnvVarsInLog = 0;
		};
/* End PBXShellScriptBuildPhase section */

/* Begin PBXSourcesBuildPhase section */
		00E356EA1AD99517003FC87E /* Sources */ = {
			isa = PBXSourcesBuildPhase;
			buildActionMask = 2147483647;
			files = (
				00E356F31AD99517003FC87E /* PokedexTests.m in Sources */,
			);
			runOnlyForDeploymentPostprocessing = 0;
		};
		13B07F871A680F5B00A75B9A /* Sources */ = {
			isa = PBXSourcesBuildPhase;
			buildActionMask = 2147483647;
			files = (
				13B07FBC1A68108700A75B9A /* AppDelegate.m in Sources */,
				13B07FC11A68108700A75B9A /* main.m in Sources */,
			);
			runOnlyForDeploymentPostprocessing = 0;
		};
/* End PBXSourcesBuildPhase section */

/* Begin PBXTargetDependency section */
		00E356F51AD99517003FC87E /* PBXTargetDependency */ = {
			isa = PBXTargetDependency;
			target = 13B07F861A680F5B00A75B9A /* Pokedex */;
			targetProxy = 00E356F41AD99517003FC87E /* PBXContainerItemProxy */;
		};
/* End PBXTargetDependency section */

/* Begin XCBuildConfiguration section */
		00E356F61AD99517003FC87E /* Debug */ = {
			isa = XCBuildConfiguration;
			buildSettings = {
				BUNDLE_LOADER = "$(TEST_HOST)";
				GCC_PREPROCESSOR_DEFINITIONS = (
					"DEBUG=1",
					"$(inherited)",
				);
				INFOPLIST_FILE = PokedexTests/Info.plist;
				IPHONEOS_DEPLOYMENT_TARGET = 10.0;
				LD_RUNPATH_SEARCH_PATHS = (
					"$(inherited)",
					"@executable_path/Frameworks",
					"@loader_path/Frameworks",
				);
				OTHER_LDFLAGS = (
					"-ObjC",
					"-lc++",
					"$(inherited)",
				);
				PRODUCT_BUNDLE_IDENTIFIER = "org.reactjs.native.example.$(PRODUCT_NAME:rfc1034identifier)";
				PRODUCT_NAME = "$(TARGET_NAME)";
				TEST_HOST = "$(BUILT_PRODUCTS_DIR)/Pokedex.app/Pokedex";
			};
			name = Debug;
		};
		00E356F71AD99517003FC87E /* Release */ = {
			isa = XCBuildConfiguration;
			buildSettings = {
				BUNDLE_LOADER = "$(TEST_HOST)";
				COPY_PHASE_STRIP = NO;
				INFOPLIST_FILE = PokedexTests/Info.plist;
				IPHONEOS_DEPLOYMENT_TARGET = 10.0;
				LD_RUNPATH_SEARCH_PATHS = (
					"$(inherited)",
					"@executable_path/Frameworks",
					"@loader_path/Frameworks",
				);
				OTHER_LDFLAGS = (
					"-ObjC",
					"-lc++",
					"$(inherited)",
				);
				PRODUCT_BUNDLE_IDENTIFIER = "org.reactjs.native.example.$(PRODUCT_NAME:rfc1034identifier)";
				PRODUCT_NAME = "$(TARGET_NAME)";
				TEST_HOST = "$(BUILT_PRODUCTS_DIR)/Pokedex.app/Pokedex";
			};
			name = Release;
		};
		13B07F941A680F5B00A75B9A /* Debug */ = {
			isa = XCBuildConfiguration;
			buildSettings = {
				ASSETCATALOG_COMPILER_APPICON_NAME = AppIcon;
				CLANG_ENABLE_MODULES = YES;
				CURRENT_PROJECT_VERSION = 1;
				ENABLE_BITCODE = NO;
				INFOPLIST_FILE = Pokedex/Info.plist;
				LD_RUNPATH_SEARCH_PATHS = (
					"$(inherited)",
					"@executable_path/Frameworks",
				);
				OTHER_LDFLAGS = (
					"$(inherited)",
					"-ObjC",
					"-lc++",
				);
				PRODUCT_BUNDLE_IDENTIFIER = "org.reactjs.native.example.$(PRODUCT_NAME:rfc1034identifier)";
				PRODUCT_NAME = Pokedex;
				SWIFT_OPTIMIZATION_LEVEL = "-Onone";
				SWIFT_VERSION = 5.0;
				VERSIONING_SYSTEM = "apple-generic";
			};
			name = Debug;
		};
		13B07F951A680F5B00A75B9A /* Release */ = {
			isa = XCBuildConfiguration;
			buildSettings = {
				ASSETCATALOG_COMPILER_APPICON_NAME = AppIcon;
				CLANG_ENABLE_MODULES = YES;
				CURRENT_PROJECT_VERSION = 1;
				INFOPLIST_FILE = Pokedex/Info.plist;
				LD_RUNPATH_SEARCH_PATHS = (
					"$(inherited)",
					"@executable_path/Frameworks",
				);
				OTHER_LDFLAGS = (
					"$(inherited)",
					"-ObjC",
					"-lc++",
				);
				PRODUCT_BUNDLE_IDENTIFIER = "org.reactjs.native.example.$(PRODUCT_NAME:rfc1034identifier)";
				PRODUCT_NAME = Pokedex;
				SWIFT_VERSION = 5.0;
				VERSIONING_SYSTEM = "apple-generic";
			};
			name = Release;
		};
		83CBBA201A601CBA00E9B192 /* Debug */ = {
			isa = XCBuildConfiguration;
			buildSettings = {
				ALWAYS_SEARCH_USER_PATHS = NO;
				CLANG_ANALYZER_LOCALIZABILITY_NONLOCALIZED = YES;
				CLANG_CXX_LANGUAGE_STANDARD = "gnu++0x";
				CLANG_CXX_LIBRARY = "libc++";
				CLANG_ENABLE_MODULES = YES;
				CLANG_ENABLE_OBJC_ARC = YES;
				CLANG_WARN_BLOCK_CAPTURE_AUTORELEASING = YES;
				CLANG_WARN_BOOL_CONVERSION = YES;
				CLANG_WARN_COMMA = YES;
				CLANG_WARN_CONSTANT_CONVERSION = YES;
				CLANG_WARN_DEPRECATED_OBJC_IMPLEMENTATIONS = YES;
				CLANG_WARN_DIRECT_OBJC_ISA_USAGE = YES_ERROR;
				CLANG_WARN_EMPTY_BODY = YES;
				CLANG_WARN_ENUM_CONVERSION = YES;
				CLANG_WARN_INFINITE_RECURSION = YES;
				CLANG_WARN_INT_CONVERSION = YES;
				CLANG_WARN_NON_LITERAL_NULL_CONVERSION = YES;
				CLANG_WARN_OBJC_IMPLICIT_RETAIN_SELF = YES;
				CLANG_WARN_OBJC_LITERAL_CONVERSION = YES;
				CLANG_WARN_OBJC_ROOT_CLASS = YES_ERROR;
				CLANG_WARN_QUOTED_INCLUDE_IN_FRAMEWORK_HEADER = YES;
				CLANG_WARN_RANGE_LOOP_ANALYSIS = YES;
				CLANG_WARN_STRICT_PROTOTYPES = YES;
				CLANG_WARN_SUSPICIOUS_MOVE = YES;
				CLANG_WARN_UNREACHABLE_CODE = YES;
				CLANG_WARN__DUPLICATE_METHOD_MATCH = YES;
				"CODE_SIGN_IDENTITY[sdk=iphoneos*]" = "iPhone Developer";
				COPY_PHASE_STRIP = NO;
				ENABLE_STRICT_OBJC_MSGSEND = YES;
				ENABLE_TESTABILITY = YES;
				GCC_C_LANGUAGE_STANDARD = gnu99;
				GCC_DYNAMIC_NO_PIC = NO;
				GCC_NO_COMMON_BLOCKS = YES;
				GCC_OPTIMIZATION_LEVEL = 0;
				GCC_PREPROCESSOR_DEFINITIONS = (
					"DEBUG=1",
					"$(inherited)",
				);
				GCC_SYMBOLS_PRIVATE_EXTERN = NO;
				GCC_WARN_64_TO_32_BIT_CONVERSION = YES;
				GCC_WARN_ABOUT_RETURN_TYPE = YES_ERROR;
				GCC_WARN_UNDECLARED_SELECTOR = YES;
				GCC_WARN_UNINITIALIZED_AUTOS = YES_AGGRESSIVE;
				GCC_WARN_UNUSED_FUNCTION = YES;
				GCC_WARN_UNUSED_VARIABLE = YES;
				IPHONEOS_DEPLOYMENT_TARGET = 10.0;
				LD_RUNPATH_SEARCH_PATHS = (
					/usr/lib/swift,
					"$(inherited)",
				);
				LIBRARY_SEARCH_PATHS = (
					"\"$(TOOLCHAIN_DIR)/usr/lib/swift/$(PLATFORM_NAME)\"",
					"\"$(TOOLCHAIN_DIR)/usr/lib/swift-5.0/$(PLATFORM_NAME)\"",
					"\"$(inherited)\"",
				);
				MTL_ENABLE_DEBUG_INFO = YES;
				ONLY_ACTIVE_ARCH = YES;
				SDKROOT = iphoneos;
			};
			name = Debug;
		};
		83CBBA211A601CBA00E9B192 /* Release */ = {
			isa = XCBuildConfiguration;
			buildSettings = {
				ALWAYS_SEARCH_USER_PATHS = NO;
				CLANG_ANALYZER_LOCALIZABILITY_NONLOCALIZED = YES;
				CLANG_CXX_LANGUAGE_STANDARD = "gnu++0x";
				CLANG_CXX_LIBRARY = "libc++";
				CLANG_ENABLE_MODULES = YES;
				CLANG_ENABLE_OBJC_ARC = YES;
				CLANG_WARN_BLOCK_CAPTURE_AUTORELEASING = YES;
				CLANG_WARN_BOOL_CONVERSION = YES;
				CLANG_WARN_COMMA = YES;
				CLANG_WARN_CONSTANT_CONVERSION = YES;
				CLANG_WARN_DEPRECATED_OBJC_IMPLEMENTATIONS = YES;
				CLANG_WARN_DIRECT_OBJC_ISA_USAGE = YES_ERROR;
				CLANG_WARN_EMPTY_BODY = YES;
				CLANG_WARN_ENUM_CONVERSION = YES;
				CLANG_WARN_INFINITE_RECURSION = YES;
				CLANG_WARN_INT_CONVERSION = YES;
				CLANG_WARN_NON_LITERAL_NULL_CONVERSION = YES;
				CLANG_WARN_OBJC_IMPLICIT_RETAIN_SELF = YES;
				CLANG_WARN_OBJC_LITERAL_CONVERSION = YES;
				CLANG_WARN_OBJC_ROOT_CLASS = YES_ERROR;
				CLANG_WARN_QUOTED_INCLUDE_IN_FRAMEWORK_HEADER = YES;
				CLANG_WARN_RANGE_LOOP_ANALYSIS = YES;
				CLANG_WARN_STRICT_PROTOTYPES = YES;
				CLANG_WARN_SUSPICIOUS_MOVE = YES;
				CLANG_WARN_UNREACHABLE_CODE = YES;
				CLANG_WARN__DUPLICATE_METHOD_MATCH = YES;
				"CODE_SIGN_IDENTITY[sdk=iphoneos*]" = "iPhone Developer";
				COPY_PHASE_STRIP = YES;
				ENABLE_NS_ASSERTIONS = NO;
				ENABLE_STRICT_OBJC_MSGSEND = YES;
				GCC_C_LANGUAGE_STANDARD = gnu99;
				GCC_NO_COMMON_BLOCKS = YES;
				GCC_WARN_64_TO_32_BIT_CONVERSION = YES;
				GCC_WARN_ABOUT_RETURN_TYPE = YES_ERROR;
				GCC_WARN_UNDECLARED_SELECTOR = YES;
				GCC_WARN_UNINITIALIZED_AUTOS = YES_AGGRESSIVE;
				GCC_WARN_UNUSED_FUNCTION = YES;
				GCC_WARN_UNUSED_VARIABLE = YES;
				IPHONEOS_DEPLOYMENT_TARGET = 10.0;
				LD_RUNPATH_SEARCH_PATHS = (
					/usr/lib/swift,
					"$(inherited)",
				);
				LIBRARY_SEARCH_PATHS = (
					"\"$(TOOLCHAIN_DIR)/usr/lib/swift/$(PLATFORM_NAME)\"",
					"\"$(TOOLCHAIN_DIR)/usr/lib/swift-5.0/$(PLATFORM_NAME)\"",
					"\"$(inherited)\"",
				);
				MTL_ENABLE_DEBUG_INFO = NO;
				SDKROOT = iphoneos;
				VALIDATE_PRODUCT = YES;
			};
			name = Release;
		};
/* End XCBuildConfiguration section */

/* Begin XCConfigurationList section */
		00E357021AD99517003FC87E /* Build configuration list for PBXNativeTarget "PokedexTests" */ = {
			isa = XCConfigurationList;
			buildConfigurations = (
				00E356F61AD99517003FC87E /* Debug */,
				00E356F71AD99517003FC87E /* Release */,
			);
			defaultConfigurationIsVisible = 0;
			defaultConfigurationName = Release;
		};
		13B07F931A680F5B00A75B9A /* Build configuration list for PBXNativeTarget "Pokedex" */ = {
			isa = XCConfigurationList;
			buildConfigurations = (
				13B07F941A680F5B00A75B9A /* Debug */,
				13B07F951A680F5B00A75B9A /* Release */,
			);
			defaultConfigurationIsVisible = 0;
			defaultConfigurationName = Release;
		};
		83CBB9FA1A601CBA00E9B192 /* Build configuration list for PBXProject "Pokedex" */ = {
			isa = XCConfigurationList;
			buildConfigurations = (
				83CBBA201A601CBA00E9B192 /* Debug */,
				83CBBA211A601CBA00E9B192 /* Release */,
			);
			defaultConfigurationIsVisible = 0;
			defaultConfigurationName = Release;
		};
/* End XCConfigurationList section */
	};
	rootObject = 83CBB9F71A601CBA00E9B192 /* Project object */;
}
